
Microsoft Visual Studio Solution File, Format Version 12.00
# Visual Studio Version 16
VisualStudioVersion = 16.0.29306.81
MinimumVisualStudioVersion = 10.0.40219.1
Project("{FAE04EC0-301F-11D3-BF4B-00C04F79EFBC}") = "Money", "Money\Money.csproj", "{B056C564-CA1C-4C2F-BBDE-76AA941222D9}"
EndProject
Global
	GlobalSection(SolutionConfigurationPlatforms) = preSolution
		Debug|Any CPU = Debug|Any CPU
		Release|Any CPU = Release|Any CPU
	EndGlobalSection
	GlobalSection(ProjectConfigurationPlatforms) = postSolution
		{B056C564-CA1C-4C2F-BBDE-76AA941222D9}.Debug|Any CPU.ActiveCfg = Debug|Any CPU
		{B056C564-CA1C-4C2F-BBDE-76AA941222D9}.Debug|Any CPU.Build.0 = Debug|Any CPU
		{B056C564-CA1C-4C2F-BBDE-76AA941222D9}.Release|Any CPU.ActiveCfg = Release|Any CPU
		{B056C564-CA1C-4C2F-BBDE-76AA941222D9}.Release|Any CPU.Build.0 = Release|Any CPU
	EndGlobalSection
	GlobalSection(SolutionProperties) = preSolution
		HideSolutionNode = FALSE
	EndGlobalSection
	GlobalSection(ExtensibilityGlobals) = postSolution
		SolutionGuid = {5E22A75C-35D6-483D-9863-50BF165CC727}
	EndGlobalSection
EndGlobal
